
Microsoft Visual Studio Solution File, Format Version 12.00
# Visual Studio Version 16
VisualStudioVersion = 16.0.32428.217
MinimumVisualStudioVersion = 10.0.40219.1
Project("{FAE04EC0-301F-11D3-BF4B-00C04F79EFBC}") = "InAndOut", "InAndOut\InAndOut.csproj", "{940FED6F-EDB8-4491-84D5-45A86C7A770E}"
EndProject
Global
	GlobalSection(SolutionConfigurationPlatforms) = preSolution
		Debug|Any CPU = Debug|Any CPU
		Release|Any CPU = Release|Any CPU
	EndGlobalSection
	GlobalSection(ProjectConfigurationPlatforms) = postSolution
		{940FED6F-EDB8-4491-84D5-45A86C7A770E}.Debug|Any CPU.ActiveCfg = Debug|Any CPU
		{940FED6F-EDB8-4491-84D5-45A86C7A770E}.Debug|Any CPU.Build.0 = Debug|Any CPU
		{940FED6F-EDB8-4491-84D5-45A86C7A770E}.Release|Any CPU.ActiveCfg = Release|Any CPU
		{940FED6F-EDB8-4491-84D5-45A86C7A770E}.Release|Any CPU.Build.0 = Release|Any CPU
	EndGlobalSection
	GlobalSection(SolutionProperties) = preSolution
		HideSolutionNode = FALSE
	EndGlobalSection
	GlobalSection(ExtensibilityGlobals) = postSolution
		SolutionGuid = {6FE61D5F-08C8-4A85-BEDD-FC72DE00D443}
	EndGlobalSection
EndGlobal
